
Microsoft Visual Studio Solution File, Format Version 12.00
# Visual Studio Version 17
VisualStudioVersion = 17.8.34330.188
MinimumVisualStudioVersion = 10.0.40219.1
Project("{FAE04EC0-301F-11D3-BF4B-00C04F79EFBC}") = "Patient Information.API", "Patient Information.API\Patient Information.API.csproj", "{CEE7D488-7CB3-4B53-A30D-BBC48C453162}"
EndProject
Project("{FAE04EC0-301F-11D3-BF4B-00C04F79EFBC}") = "Patient Information.BL", "Patient Information.BL\Patient Information.BL.csproj", "{A305EDA0-E654-410C-9F55-24AE0E2EB4A8}"
EndProject
Project("{FAE04EC0-301F-11D3-BF4B-00C04F79EFBC}") = "Patient Information.DAL", "Patient Information.DAL\Patient Information.DAL.csproj", "{72431F7F-285C-4281-BFF7-BCBD71A6C175}"
EndProject
Global
	GlobalSection(SolutionConfigurationPlatforms) = preSolution
		Debug|Any CPU = Debug|Any CPU
		Release|Any CPU = Release|Any CPU
	EndGlobalSection
	GlobalSection(ProjectConfigurationPlatforms) = postSolution
		{CEE7D488-7CB3-4B53-A30D-BBC48C453162}.Debug|Any CPU.ActiveCfg = Debug|Any CPU
		{CEE7D488-7CB3-4B53-A30D-BBC48C453162}.Debug|Any CPU.Build.0 = Debug|Any CPU
		{CEE7D488-7CB3-4B53-A30D-BBC48C453162}.Release|Any CPU.ActiveCfg = Release|Any CPU
		{CEE7D488-7CB3-4B53-A30D-BBC48C453162}.Release|Any CPU.Build.0 = Release|Any CPU
		{A305EDA0-E654-410C-9F55-24AE0E2EB4A8}.Debug|Any CPU.ActiveCfg = Debug|Any CPU
		{A305EDA0-E654-410C-9F55-24AE0E2EB4A8}.Debug|Any CPU.Build.0 = Debug|Any CPU
		{A305EDA0-E654-410C-9F55-24AE0E2EB4A8}.Release|Any CPU.ActiveCfg = Release|Any CPU
		{A305EDA0-E654-410C-9F55-24AE0E2EB4A8}.Release|Any CPU.Build.0 = Release|Any CPU
		{72431F7F-285C-4281-BFF7-BCBD71A6C175}.Debug|Any CPU.ActiveCfg = Debug|Any CPU
		{72431F7F-285C-4281-BFF7-BCBD71A6C175}.Debug|Any CPU.Build.0 = Debug|Any CPU
		{72431F7F-285C-4281-BFF7-BCBD71A6C175}.Release|Any CPU.ActiveCfg = Release|Any CPU
		{72431F7F-285C-4281-BFF7-BCBD71A6C175}.Release|Any CPU.Build.0 = Release|Any CPU
	EndGlobalSection
	GlobalSection(SolutionProperties) = preSolution
		HideSolutionNode = FALSE
	EndGlobalSection
	GlobalSection(ExtensibilityGlobals) = postSolution
		SolutionGuid = {E88D949C-9060-4EAA-93B2-3907EF1E6A36}
	EndGlobalSection
EndGlobal
